
Microsoft Visual Studio Solution File, Format Version 12.00
# Visual Studio Version 17
VisualStudioVersion = 17.13.35919.96 d17.13
MinimumVisualStudioVersion = 10.0.40219.1
Project("{FAE04EC0-301F-11D3-BF4B-00C04F79EFBC}") = "TaskManagerServer", "TaskManagerServer.csproj", "{5626023F-6407-4676-B8F9-DA3E1E1684F6}"
EndProject
Global
	GlobalSection(SolutionConfigurationPlatforms) = preSolution
		Debug|Any CPU = Debug|Any CPU
		Release|Any CPU = Release|Any CPU
	EndGlobalSection
	GlobalSection(ProjectConfigurationPlatforms) = postSolution
		{5626023F-6407-4676-B8F9-DA3E1E1684F6}.Debug|Any CPU.ActiveCfg = Debug|Any CPU
		{5626023F-6407-4676-B8F9-DA3E1E1684F6}.Debug|Any CPU.Build.0 = Debug|Any CPU
		{5626023F-6407-4676-B8F9-DA3E1E1684F6}.Release|Any CPU.ActiveCfg = Release|Any CPU
		{5626023F-6407-4676-B8F9-DA3E1E1684F6}.Release|Any CPU.Build.0 = Release|Any CPU
	EndGlobalSection
	GlobalSection(SolutionProperties) = preSolution
		HideSolutionNode = FALSE
	EndGlobalSection
	GlobalSection(ExtensibilityGlobals) = postSolution
		SolutionGuid = {61022143-73FA-44F1-B5AA-17FE2E7029BF}
	EndGlobalSection
EndGlobal
